
Microsoft Visual Studio Solution File, Format Version 12.00
# Visual Studio Version 17
VisualStudioVersion = 17.10.35013.160
MinimumVisualStudioVersion = 10.0.40219.1
Project("{FAE04EC0-301F-11D3-BF4B-00C04F79EFBC}") = "TestTelegramBot", "TestTelegramBot.csproj", "{15FAED6E-8904-4451-BFFF-99F9F2671B56}"
EndProject
Global
	GlobalSection(SolutionConfigurationPlatforms) = preSolution
		Debug|Any CPU = Debug|Any CPU
		Release|Any CPU = Release|Any CPU
	EndGlobalSection
	GlobalSection(ProjectConfigurationPlatforms) = postSolution
		{15FAED6E-8904-4451-BFFF-99F9F2671B56}.Debug|Any CPU.ActiveCfg = Debug|Any CPU
		{15FAED6E-8904-4451-BFFF-99F9F2671B56}.Debug|Any CPU.Build.0 = Debug|Any CPU
		{15FAED6E-8904-4451-BFFF-99F9F2671B56}.Release|Any CPU.ActiveCfg = Release|Any CPU
		{15FAED6E-8904-4451-BFFF-99F9F2671B56}.Release|Any CPU.Build.0 = Release|Any CPU
	EndGlobalSection
	GlobalSection(SolutionProperties) = preSolution
		HideSolutionNode = FALSE
	EndGlobalSection
	GlobalSection(ExtensibilityGlobals) = postSolution
		SolutionGuid = {DDEDEFD4-1717-4339-8B6E-872BFDE35E10}
	EndGlobalSection
EndGlobal
